
Microsoft Visual Studio Solution File, Format Version 12.00
# Visual Studio 15
VisualStudioVersion = 15.0.27703.2026
MinimumVisualStudioVersion = 10.0.40219.1
Project("{FAE04EC0-301F-11D3-BF4B-00C04F79EFBC}") = "LibTraditional", "LibTraditional\LibTraditional.csproj", "{6441AF44-74EA-40DA-8A80-D40BF254E02E}"
EndProject
Global
	GlobalSection(SolutionConfigurationPlatforms) = preSolution
		Debug|Any CPU = Debug|Any CPU
		Release|Any CPU = Release|Any CPU
	EndGlobalSection
	GlobalSection(ProjectConfigurationPlatforms) = postSolution
		{6441AF44-74EA-40DA-8A80-D40BF254E02E}.Debug|Any CPU.ActiveCfg = Debug|Any CPU
		{6441AF44-74EA-40DA-8A80-D40BF254E02E}.Debug|Any CPU.Build.0 = Debug|Any CPU
		{6441AF44-74EA-40DA-8A80-D40BF254E02E}.Release|Any CPU.ActiveCfg = Release|Any CPU
		{6441AF44-74EA-40DA-8A80-D40BF254E02E}.Release|Any CPU.Build.0 = Release|Any CPU
	EndGlobalSection
	GlobalSection(SolutionProperties) = preSolution
		HideSolutionNode = FALSE
	EndGlobalSection
	GlobalSection(ExtensibilityGlobals) = postSolution
		SolutionGuid = {50844E59-A97D-4369-86E3-C07595A553BF}
	EndGlobalSection
EndGlobal
